
Microsoft Visual Studio Solution File, Format Version 12.00
Project("{FAE04EC0-301F-11D3-BF4B-00C04F79EFBC}") = "WA-automator.Test", "WA-automator.Test\WA-automator.Test.csproj", "{5E4FA858-29E9-4D30-B0DD-289129526AC6}"
EndProject
Project("{FAE04EC0-301F-11D3-BF4B-00C04F79EFBC}") = "WA-automator", "WA-automator\WA-automator.csproj", "{CFEA9FAB-C30A-41DE-AA5E-5C342A7637A6}"
EndProject
Project("{FAE04EC0-301F-11D3-BF4B-00C04F79EFBC}") = "WA-automator.AcceptanceTests", "WA-automator.AcceptanceTests\WA-automator.AcceptanceTests.csproj", "{B6911EB9-9AB6-42CF-AF9A-F5C3E1459270}"
EndProject
Global
	GlobalSection(SolutionConfigurationPlatforms) = preSolution
		Debug|Any CPU = Debug|Any CPU
		Release|Any CPU = Release|Any CPU
	EndGlobalSection
	GlobalSection(ProjectConfigurationPlatforms) = postSolution
		{5E4FA858-29E9-4D30-B0DD-289129526AC6}.Debug|Any CPU.ActiveCfg = Debug|Any CPU
		{5E4FA858-29E9-4D30-B0DD-289129526AC6}.Debug|Any CPU.Build.0 = Debug|Any CPU
		{5E4FA858-29E9-4D30-B0DD-289129526AC6}.Release|Any CPU.ActiveCfg = Release|Any CPU
		{5E4FA858-29E9-4D30-B0DD-289129526AC6}.Release|Any CPU.Build.0 = Release|Any CPU
		{CFEA9FAB-C30A-41DE-AA5E-5C342A7637A6}.Debug|Any CPU.ActiveCfg = Debug|Any CPU
		{CFEA9FAB-C30A-41DE-AA5E-5C342A7637A6}.Debug|Any CPU.Build.0 = Debug|Any CPU
		{CFEA9FAB-C30A-41DE-AA5E-5C342A7637A6}.Release|Any CPU.ActiveCfg = Release|Any CPU
		{CFEA9FAB-C30A-41DE-AA5E-5C342A7637A6}.Release|Any CPU.Build.0 = Release|Any CPU
		{B6911EB9-9AB6-42CF-AF9A-F5C3E1459270}.Debug|Any CPU.ActiveCfg = Debug|Any CPU
		{B6911EB9-9AB6-42CF-AF9A-F5C3E1459270}.Debug|Any CPU.Build.0 = Debug|Any CPU
		{B6911EB9-9AB6-42CF-AF9A-F5C3E1459270}.Release|Any CPU.ActiveCfg = Release|Any CPU
		{B6911EB9-9AB6-42CF-AF9A-F5C3E1459270}.Release|Any CPU.Build.0 = Release|Any CPU
	EndGlobalSection
EndGlobal
